
Microsoft Visual Studio Solution File, Format Version 12.00
# Visual Studio Version 17
VisualStudioVersion = 17.13.35806.99 d17.13
MinimumVisualStudioVersion = 10.0.40219.1
Project("{2150E333-8FDC-42A3-9474-1A3956D46DE8}") = "Task1", "Task1", "{191B8D71-703E-4201-9620-88B74BA0B80E}"
EndProject
Project("{FAE04EC0-301F-11D3-BF4B-00C04F79EFBC}") = "Tyuiu.AntonovVV.Sprint1.Task1.V13", "Tyuiu.AntonovVV.Sprint1.Task1.V13\Tyuiu.AntonovVV.Sprint1.Task1.V13.csproj", "{98597460-26ED-4DF2-8D31-A2F892C8E4F4}"
EndProject
Project("{FAE04EC0-301F-11D3-BF4B-00C04F79EFBC}") = "Tyuiu.AntonovVV.Sprint1.Task1.V13.Lib", "Tyuiu.AntonovVV.Sprint1.Task1.V13.Lib\Tyuiu.AntonovVV.Sprint1.Task1.V13.Lib.csproj", "{2A50362D-6939-40CF-B7E8-F369A4094182}"
EndProject
Project("{FAE04EC0-301F-11D3-BF4B-00C04F79EFBC}") = "Tyuiu.AntonovVV.Sprint1.Task1.V13.Test", "Tyuiu.AntonovVV.Sprint1.Task1.V13.Test\Tyuiu.AntonovVV.Sprint1.Task1.V13.Test.csproj", "{B3F7B21F-E2D9-40B4-AA3C-D21F3EB84048}"
EndProject
Project("{2150E333-8FDC-42A3-9474-1A3956D46DE8}") = "Task2", "Task2", "{3CF3D608-EFFE-4B44-B3E2-F4767D0B380A}"
EndProject
Project("{FAE04EC0-301F-11D3-BF4B-00C04F79EFBC}") = "Tyuiu.AntonovVV.Sprint1.Task2.V30", "Tyuiu.AntonovVV.Sprint1.Task2.V30\Tyuiu.AntonovVV.Sprint1.Task2.V30.csproj", "{146ECB9E-0D38-4CC2-86D3-1DE375791206}"
EndProject
Project("{FAE04EC0-301F-11D3-BF4B-00C04F79EFBC}") = "Tyuiu.AntonovVV.Sprint1.Task2.V30.Lib", "Tyuiu.AntonovVV.Sprint1.Task2.V30.Lib\Tyuiu.AntonovVV.Sprint1.Task2.V30.Lib.csproj", "{79B3F007-2816-46D0-B001-4C6FD1787640}"
EndProject
Project("{FAE04EC0-301F-11D3-BF4B-00C04F79EFBC}") = "Tyuiu.AntonovVV.Sprint1.Task2.V30.Test", "Tyuiu.AntonovVV.Sprint1.Task2.V30.Test\Tyuiu.AntonovVV.Sprint1.Task2.V30.Test.csproj", "{40C5E3B5-4728-4987-83F5-1041E4845191}"
EndProject
Project("{2150E333-8FDC-42A3-9474-1A3956D46DE8}") = "Task3", "Task3", "{14FA3992-B83D-4F00-A7CC-96A380BE6D5E}"
EndProject
Project("{FAE04EC0-301F-11D3-BF4B-00C04F79EFBC}") = "Tyuiu.AntonovVV.Sprint1.Task3.V7", "Tyuiu.AntonovVV.Sprint1.Task3.V7\Tyuiu.AntonovVV.Sprint1.Task3.V7.csproj", "{35E2E5B0-A576-4597-A072-C4B8BE810E6B}"
EndProject
Project("{FAE04EC0-301F-11D3-BF4B-00C04F79EFBC}") = "Tyuiu.AntonovVV.Sprint1.Task3.V7.Lib", "Tyuiu.AntonovVV.Sprint1.Task3.V7.Lib\Tyuiu.AntonovVV.Sprint1.Task3.V7.Lib.csproj", "{83916DFE-3743-41D0-92E2-F88452917D24}"
EndProject
Project("{FAE04EC0-301F-11D3-BF4B-00C04F79EFBC}") = "Tyuiu.AntonovVV.Sprint1.Task3.V7.Test", "Tyuiu.AntonovVV.Sprint1.Task3.V7.Test\Tyuiu.AntonovVV.Sprint1.Task3.V7.Test.csproj", "{8DE171E1-3870-4C94-8015-8A1B3C98DFB7}"
EndProject
Project("{2150E333-8FDC-42A3-9474-1A3956D46DE8}") = "Task4", "Task4", "{22D17A4A-E69D-438D-B8ED-7383B7CC3200}"
EndProject
Project("{FAE04EC0-301F-11D3-BF4B-00C04F79EFBC}") = "Tyuiu.AntonovVV.Sprint1.Task4.V20", "Tyuiu.AntonovVV.Sprint1.Task4.V20\Tyuiu.AntonovVV.Sprint1.Task4.V20.csproj", "{33E5C484-755D-4B55-AE45-1EC0A821FC80}"
EndProject
Project("{FAE04EC0-301F-11D3-BF4B-00C04F79EFBC}") = "Tyuiu.AntonovVV.Sprint1.Task4.V20.Test", "Tyuiu.AntonovVV.Sprint1.Task4.V20.Test\Tyuiu.AntonovVV.Sprint1.Task4.V20.Test.csproj", "{1579B806-BB09-4764-950E-B145FCAED52E}"
EndProject
Project("{FAE04EC0-301F-11D3-BF4B-00C04F79EFBC}") = "Tyuiu.AntonovVV.Sprint1.Task4.V20.Lib", "Tyuiu.AntonovVV.Sprint1.Task4.V20.Lib\Tyuiu.AntonovVV.Sprint1.Task4.V20.Lib.csproj", "{F3D2B0C4-B2EC-427A-B70B-59D914BFAFCC}"
EndProject
Project("{2150E333-8FDC-42A3-9474-1A3956D46DE8}") = "Task5", "Task5", "{3AF57944-619E-4C58-A6BD-C4FEE0038B5F}"
EndProject
Project("{2150E333-8FDC-42A3-9474-1A3956D46DE8}") = "Task6", "Task6", "{370A08B6-F385-47E0-88F2-DEC2F68087A2}"
EndProject
Project("{2150E333-8FDC-42A3-9474-1A3956D46DE8}") = "Task7", "Task7", "{19D593AF-B360-419C-9CB3-901658856FB0}"
EndProject
Project("{FAE04EC0-301F-11D3-BF4B-00C04F79EFBC}") = "Tyuiu.AntonovVV.Sprint1.Task5.V1", "Tyuiu.AntonovVV.Sprint1.Task5.V1\Tyuiu.AntonovVV.Sprint1.Task5.V1.csproj", "{7922C455-C110-4CC9-8154-8244A8FABB54}"
EndProject
Project("{FAE04EC0-301F-11D3-BF4B-00C04F79EFBC}") = "Tyuiu.AntonovVV.Sprint1.Task5.V1.Lib", "Tyuiu.AntonovVV.Sprint1.Task5.V1.Lib\Tyuiu.AntonovVV.Sprint1.Task5.V1.Lib.csproj", "{EB2D4FAE-FB53-445D-9A50-7BABFA0B6EA8}"
EndProject
Project("{FAE04EC0-301F-11D3-BF4B-00C04F79EFBC}") = "Tyuiu.AntonovVV.Sprint1.Task5.V1.Test", "Tyuiu.AntonovVV.Sprint1.Task5.V1.Test\Tyuiu.AntonovVV.Sprint1.Task5.V1.Test.csproj", "{14D26AA3-401C-4A4F-B099-2E13E5E8ECBA}"
EndProject
Project("{FAE04EC0-301F-11D3-BF4B-00C04F79EFBC}") = "Tyuiu.AntonovVV.Sprint1.Task6.V12", "Tyuiu.AntonovVV.Sprint1.Task6.V12\Tyuiu.AntonovVV.Sprint1.Task6.V12.csproj", "{5535CA05-96EA-4187-BB95-17EAE88D0F37}"
EndProject
Project("{FAE04EC0-301F-11D3-BF4B-00C04F79EFBC}") = "Tyuiu.AntonovVV.Sprint1.Task6.V12.Lib", "Tyuiu.AntonovVV.Sprint1.Task6.V12.Lib\Tyuiu.AntonovVV.Sprint1.Task6.V12.Lib.csproj", "{64C781EC-8A80-42AC-9FB5-AD840DBD64CE}"
EndProject
Project("{FAE04EC0-301F-11D3-BF4B-00C04F79EFBC}") = "Tyuiu.AntonovVV.Sprint1.Task6.V12.Test", "Tyuiu.AntonovVV.Sprint1.Task6.V12.Test\Tyuiu.AntonovVV.Sprint1.Task6.V12.Test.csproj", "{34927E0E-31F9-4ED1-9CFD-17281F75ED6A}"
EndProject
Project("{FAE04EC0-301F-11D3-BF4B-00C04F79EFBC}") = "Tyuiu.AntonovVV.Sprint1.Task7.V11", "Tyuiu.AntonovVV.Sprint1.Task7.V11\Tyuiu.AntonovVV.Sprint1.Task7.V11.csproj", "{E77D54FD-3697-42BF-97D7-1740AD578B72}"
EndProject
Project("{FAE04EC0-301F-11D3-BF4B-00C04F79EFBC}") = "Tyuiu.AntonovVV.Sprint1.Task7.V11.Test", "Tyuiu.AntonovVV.Sprint1.Task7.V11.Test\Tyuiu.AntonovVV.Sprint1.Task7.V11.Test.csproj", "{B266B7D2-D854-4C6B-A29A-5DED45BB8A61}"
EndProject
Project("{FAE04EC0-301F-11D3-BF4B-00C04F79EFBC}") = "Tyuiu.AntonovVV.Sprint1.Task7.V11.Lib", "Tyuiu.AntonovVV.Sprint1.Task7.V11.Lib\Tyuiu.AntonovVV.Sprint1.Task7.V11.Lib.csproj", "{AA288D4E-2B9A-4E75-B7F9-D114DCD2CA8F}"
EndProject
Project("{2150E333-8FDC-42A3-9474-1A3956D46DE8}") = "Task0", "Task0", "{02EA681E-C7D8-13C7-8484-4AC65E1B71E8}"
EndProject
Project("{FAE04EC0-301F-11D3-BF4B-00C04F79EFBC}") = "Tyuiu.AntonovVV.Sprint1.Task0.V29", "Tyuiu.AntonovVV.Sprint1.Task0.V29\Tyuiu.AntonovVV.Sprint1.Task0.V29.csproj", "{03021B9F-DFB4-4204-8E40-515293632FAA}"
EndProject
Project("{FAE04EC0-301F-11D3-BF4B-00C04F79EFBC}") = "Tyuiu.AntonovVV.Sprint1.Task0.V29.Lib", "Tyuiu.AntonovVV.Sprint1.Task0.V29.Lib\Tyuiu.AntonovVV.Sprint1.Task0.V29.Lib.csproj", "{6074F28A-7521-4993-8782-4977BC154465}"
EndProject
Project("{FAE04EC0-301F-11D3-BF4B-00C04F79EFBC}") = "Tyuiu.AntonovVV.Sprint1.Task0.V29.Test", "Tyuiu.AntonovVV.Sprint1.Task0.V29.Test\Tyuiu.AntonovVV.Sprint1.Task0.V29.Test.csproj", "{BAE21645-05D8-4DB3-96BD-BAD51993F968}"
EndProject
Global
	GlobalSection(SolutionConfigurationPlatforms) = preSolution
		Debug|Any CPU = Debug|Any CPU
		Release|Any CPU = Release|Any CPU
	EndGlobalSection
	GlobalSection(ProjectConfigurationPlatforms) = postSolution
		{98597460-26ED-4DF2-8D31-A2F892C8E4F4}.Debug|Any CPU.ActiveCfg = Debug|Any CPU
		{98597460-26ED-4DF2-8D31-A2F892C8E4F4}.Debug|Any CPU.Build.0 = Debug|Any CPU
		{98597460-26ED-4DF2-8D31-A2F892C8E4F4}.Release|Any CPU.ActiveCfg = Release|Any CPU
		{98597460-26ED-4DF2-8D31-A2F892C8E4F4}.Release|Any CPU.Build.0 = Release|Any CPU
		{2A50362D-6939-40CF-B7E8-F369A4094182}.Debug|Any CPU.ActiveCfg = Debug|Any CPU
		{2A50362D-6939-40CF-B7E8-F369A4094182}.Debug|Any CPU.Build.0 = Debug|Any CPU
		{2A50362D-6939-40CF-B7E8-F369A4094182}.Release|Any CPU.ActiveCfg = Release|Any CPU
		{2A50362D-6939-40CF-B7E8-F369A4094182}.Release|Any CPU.Build.0 = Release|Any CPU
		{B3F7B21F-E2D9-40B4-AA3C-D21F3EB84048}.Debug|Any CPU.ActiveCfg = Debug|Any CPU
		{B3F7B21F-E2D9-40B4-AA3C-D21F3EB84048}.Debug|Any CPU.Build.0 = Debug|Any CPU
		{B3F7B21F-E2D9-40B4-AA3C-D21F3EB84048}.Release|Any CPU.ActiveCfg = Release|Any CPU
		{B3F7B21F-E2D9-40B4-AA3C-D21F3EB84048}.Release|Any CPU.Build.0 = Release|Any CPU
		{146ECB9E-0D38-4CC2-86D3-1DE375791206}.Debug|Any CPU.ActiveCfg = Debug|Any CPU
		{146ECB9E-0D38-4CC2-86D3-1DE375791206}.Debug|Any CPU.Build.0 = Debug|Any CPU
		{146ECB9E-0D38-4CC2-86D3-1DE375791206}.Release|Any CPU.ActiveCfg = Release|Any CPU
		{146ECB9E-0D38-4CC2-86D3-1DE375791206}.Release|Any CPU.Build.0 = Release|Any CPU
		{79B3F007-2816-46D0-B001-4C6FD1787640}.Debug|Any CPU.ActiveCfg = Debug|Any CPU
		{79B3F007-2816-46D0-B001-4C6FD1787640}.Debug|Any CPU.Build.0 = Debug|Any CPU
		{79B3F007-2816-46D0-B001-4C6FD1787640}.Release|Any CPU.ActiveCfg = Release|Any CPU
		{79B3F007-2816-46D0-B001-4C6FD1787640}.Release|Any CPU.Build.0 = Release|Any CPU
		{40C5E3B5-4728-4987-83F5-1041E4845191}.Debug|Any CPU.ActiveCfg = Debug|Any CPU
		{40C5E3B5-4728-4987-83F5-1041E4845191}.Debug|Any CPU.Build.0 = Debug|Any CPU
		{40C5E3B5-4728-4987-83F5-1041E4845191}.Release|Any CPU.ActiveCfg = Release|Any CPU
		{40C5E3B5-4728-4987-83F5-1041E4845191}.Release|Any CPU.Build.0 = Release|Any CPU
		{35E2E5B0-A576-4597-A072-C4B8BE810E6B}.Debug|Any CPU.ActiveCfg = Debug|Any CPU
		{35E2E5B0-A576-4597-A072-C4B8BE810E6B}.Debug|Any CPU.Build.0 = Debug|Any CPU
		{35E2E5B0-A576-4597-A072-C4B8BE810E6B}.Release|Any CPU.ActiveCfg = Release|Any CPU
		{35E2E5B0-A576-4597-A072-C4B8BE810E6B}.Release|Any CPU.Build.0 = Release|Any CPU
		{83916DFE-3743-41D0-92E2-F88452917D24}.Debug|Any CPU.ActiveCfg = Debug|Any CPU
		{83916DFE-3743-41D0-92E2-F88452917D24}.Debug|Any CPU.Build.0 = Debug|Any CPU
		{83916DFE-3743-41D0-92E2-F88452917D24}.Release|Any CPU.ActiveCfg = Release|Any CPU
		{83916DFE-3743-41D0-92E2-F88452917D24}.Release|Any CPU.Build.0 = Release|Any CPU
		{8DE171E1-3870-4C94-8015-8A1B3C98DFB7}.Debug|Any CPU.ActiveCfg = Debug|Any CPU
		{8DE171E1-3870-4C94-8015-8A1B3C98DFB7}.Debug|Any CPU.Build.0 = Debug|Any CPU
		{8DE171E1-3870-4C94-8015-8A1B3C98DFB7}.Release|Any CPU.ActiveCfg = Release|Any CPU
		{8DE171E1-3870-4C94-8015-8A1B3C98DFB7}.Release|Any CPU.Build.0 = Release|Any CPU
		{33E5C484-755D-4B55-AE45-1EC0A821FC80}.Debug|Any CPU.ActiveCfg = Debug|Any CPU
		{33E5C484-755D-4B55-AE45-1EC0A821FC80}.Debug|Any CPU.Build.0 = Debug|Any CPU
		{33E5C484-755D-4B55-AE45-1EC0A821FC80}.Release|Any CPU.ActiveCfg = Release|Any CPU
		{33E5C484-755D-4B55-AE45-1EC0A821FC80}.Release|Any CPU.Build.0 = Release|Any CPU
		{1579B806-BB09-4764-950E-B145FCAED52E}.Debug|Any CPU.ActiveCfg = Debug|Any CPU
		{1579B806-BB09-4764-950E-B145FCAED52E}.Debug|Any CPU.Build.0 = Debug|Any CPU
		{1579B806-BB09-4764-950E-B145FCAED52E}.Release|Any CPU.ActiveCfg = Release|Any CPU
		{1579B806-BB09-4764-950E-B145FCAED52E}.Release|Any CPU.Build.0 = Release|Any CPU
		{F3D2B0C4-B2EC-427A-B70B-59D914BFAFCC}.Debug|Any CPU.ActiveCfg = Debug|Any CPU
		{F3D2B0C4-B2EC-427A-B70B-59D914BFAFCC}.Debug|Any CPU.Build.0 = Debug|Any CPU
		{F3D2B0C4-B2EC-427A-B70B-59D914BFAFCC}.Release|Any CPU.ActiveCfg = Release|Any CPU
		{F3D2B0C4-B2EC-427A-B70B-59D914BFAFCC}.Release|Any CPU.Build.0 = Release|Any CPU
		{7922C455-C110-4CC9-8154-8244A8FABB54}.Debug|Any CPU.ActiveCfg = Debug|Any CPU
		{7922C455-C110-4CC9-8154-8244A8FABB54}.Debug|Any CPU.Build.0 = Debug|Any CPU
		{7922C455-C110-4CC9-8154-8244A8FABB54}.Release|Any CPU.ActiveCfg = Release|Any CPU
		{7922C455-C110-4CC9-8154-8244A8FABB54}.Release|Any CPU.Build.0 = Release|Any CPU
		{EB2D4FAE-FB53-445D-9A50-7BABFA0B6EA8}.Debug|Any CPU.ActiveCfg = Debug|Any CPU
		{EB2D4FAE-FB53-445D-9A50-7BABFA0B6EA8}.Debug|Any CPU.Build.0 = Debug|Any CPU
		{EB2D4FAE-FB53-445D-9A50-7BABFA0B6EA8}.Release|Any CPU.ActiveCfg = Release|Any CPU
		{EB2D4FAE-FB53-445D-9A50-7BABFA0B6EA8}.Release|Any CPU.Build.0 = Release|Any CPU
		{14D26AA3-401C-4A4F-B099-2E13E5E8ECBA}.Debug|Any CPU.ActiveCfg = Debug|Any CPU
		{14D26AA3-401C-4A4F-B099-2E13E5E8ECBA}.Debug|Any CPU.Build.0 = Debug|Any CPU
		{14D26AA3-401C-4A4F-B099-2E13E5E8ECBA}.Release|Any CPU.ActiveCfg = Release|Any CPU
		{14D26AA3-401C-4A4F-B099-2E13E5E8ECBA}.Release|Any CPU.Build.0 = Release|Any CPU
		{5535CA05-96EA-4187-BB95-17EAE88D0F37}.Debug|Any CPU.ActiveCfg = Debug|Any CPU
		{5535CA05-96EA-4187-BB95-17EAE88D0F37}.Debug|Any CPU.Build.0 = Debug|Any CPU
		{5535CA05-96EA-4187-BB95-17EAE88D0F37}.Release|Any CPU.ActiveCfg = Release|Any CPU
		{5535CA05-96EA-4187-BB95-17EAE88D0F37}.Release|Any CPU.Build.0 = Release|Any CPU
		{64C781EC-8A80-42AC-9FB5-AD840DBD64CE}.Debug|Any CPU.ActiveCfg = Debug|Any CPU
		{64C781EC-8A80-42AC-9FB5-AD840DBD64CE}.Debug|Any CPU.Build.0 = Debug|Any CPU
		{64C781EC-8A80-42AC-9FB5-AD840DBD64CE}.Release|Any CPU.ActiveCfg = Release|Any CPU
		{64C781EC-8A80-42AC-9FB5-AD840DBD64CE}.Release|Any CPU.Build.0 = Release|Any CPU
		{34927E0E-31F9-4ED1-9CFD-17281F75ED6A}.Debug|Any CPU.ActiveCfg = Debug|Any CPU
		{34927E0E-31F9-4ED1-9CFD-17281F75ED6A}.Debug|Any CPU.Build.0 = Debug|Any CPU
		{34927E0E-31F9-4ED1-9CFD-17281F75ED6A}.Release|Any CPU.ActiveCfg = Release|Any CPU
		{34927E0E-31F9-4ED1-9CFD-17281F75ED6A}.Release|Any CPU.Build.0 = Release|Any CPU
		{E77D54FD-3697-42BF-97D7-1740AD578B72}.Debug|Any CPU.ActiveCfg = Debug|Any CPU
		{E77D54FD-3697-42BF-97D7-1740AD578B72}.Debug|Any CPU.Build.0 = Debug|Any CPU
		{E77D54FD-3697-42BF-97D7-1740AD578B72}.Release|Any CPU.ActiveCfg = Release|Any CPU
		{E77D54FD-3697-42BF-97D7-1740AD578B72}.Release|Any CPU.Build.0 = Release|Any CPU
		{B266B7D2-D854-4C6B-A29A-5DED45BB8A61}.Debug|Any CPU.ActiveCfg = Debug|Any CPU
		{B266B7D2-D854-4C6B-A29A-5DED45BB8A61}.Debug|Any CPU.Build.0 = Debug|Any CPU
		{B266B7D2-D854-4C6B-A29A-5DED45BB8A61}.Release|Any CPU.ActiveCfg = Release|Any CPU
		{B266B7D2-D854-4C6B-A29A-5DED45BB8A61}.Release|Any CPU.Build.0 = Release|Any CPU
		{AA288D4E-2B9A-4E75-B7F9-D114DCD2CA8F}.Debug|Any CPU.ActiveCfg = Debug|Any CPU
		{AA288D4E-2B9A-4E75-B7F9-D114DCD2CA8F}.Debug|Any CPU.Build.0 = Debug|Any CPU
		{AA288D4E-2B9A-4E75-B7F9-D114DCD2CA8F}.Release|Any CPU.ActiveCfg = Release|Any CPU
		{AA288D4E-2B9A-4E75-B7F9-D114DCD2CA8F}.Release|Any CPU.Build.0 = Release|Any CPU
		{03021B9F-DFB4-4204-8E40-515293632FAA}.Debug|Any CPU.ActiveCfg = Debug|Any CPU
		{03021B9F-DFB4-4204-8E40-515293632FAA}.Debug|Any CPU.Build.0 = Debug|Any CPU
		{03021B9F-DFB4-4204-8E40-515293632FAA}.Release|Any CPU.ActiveCfg = Release|Any CPU
		{03021B9F-DFB4-4204-8E40-515293632FAA}.Release|Any CPU.Build.0 = Release|Any CPU
		{6074F28A-7521-4993-8782-4977BC154465}.Debug|Any CPU.ActiveCfg = Debug|Any CPU
		{6074F28A-7521-4993-8782-4977BC154465}.Debug|Any CPU.Build.0 = Debug|Any CPU
		{6074F28A-7521-4993-8782-4977BC154465}.Release|Any CPU.ActiveCfg = Release|Any CPU
		{6074F28A-7521-4993-8782-4977BC154465}.Release|Any CPU.Build.0 = Release|Any CPU
		{BAE21645-05D8-4DB3-96BD-BAD51993F968}.Debug|Any CPU.ActiveCfg = Debug|Any CPU
		{BAE21645-05D8-4DB3-96BD-BAD51993F968}.Debug|Any CPU.Build.0 = Debug|Any CPU
		{BAE21645-05D8-4DB3-96BD-BAD51993F968}.Release|Any CPU.ActiveCfg = Release|Any CPU
		{BAE21645-05D8-4DB3-96BD-BAD51993F968}.Release|Any CPU.Build.0 = Release|Any CPU
	EndGlobalSection
	GlobalSection(SolutionProperties) = preSolution
		HideSolutionNode = FALSE
	EndGlobalSection
	GlobalSection(NestedProjects) = preSolution
		{98597460-26ED-4DF2-8D31-A2F892C8E4F4} = {191B8D71-703E-4201-9620-88B74BA0B80E}
		{2A50362D-6939-40CF-B7E8-F369A4094182} = {191B8D71-703E-4201-9620-88B74BA0B80E}
		{B3F7B21F-E2D9-40B4-AA3C-D21F3EB84048} = {191B8D71-703E-4201-9620-88B74BA0B80E}
		{146ECB9E-0D38-4CC2-86D3-1DE375791206} = {3CF3D608-EFFE-4B44-B3E2-F4767D0B380A}
		{79B3F007-2816-46D0-B001-4C6FD1787640} = {3CF3D608-EFFE-4B44-B3E2-F4767D0B380A}
		{40C5E3B5-4728-4987-83F5-1041E4845191} = {3CF3D608-EFFE-4B44-B3E2-F4767D0B380A}
		{35E2E5B0-A576-4597-A072-C4B8BE810E6B} = {14FA3992-B83D-4F00-A7CC-96A380BE6D5E}
		{83916DFE-3743-41D0-92E2-F88452917D24} = {14FA3992-B83D-4F00-A7CC-96A380BE6D5E}
		{8DE171E1-3870-4C94-8015-8A1B3C98DFB7} = {14FA3992-B83D-4F00-A7CC-96A380BE6D5E}
		{33E5C484-755D-4B55-AE45-1EC0A821FC80} = {22D17A4A-E69D-438D-B8ED-7383B7CC3200}
		{1579B806-BB09-4764-950E-B145FCAED52E} = {22D17A4A-E69D-438D-B8ED-7383B7CC3200}
		{F3D2B0C4-B2EC-427A-B70B-59D914BFAFCC} = {22D17A4A-E69D-438D-B8ED-7383B7CC3200}
		{7922C455-C110-4CC9-8154-8244A8FABB54} = {3AF57944-619E-4C58-A6BD-C4FEE0038B5F}
		{EB2D4FAE-FB53-445D-9A50-7BABFA0B6EA8} = {3AF57944-619E-4C58-A6BD-C4FEE0038B5F}
		{14D26AA3-401C-4A4F-B099-2E13E5E8ECBA} = {3AF57944-619E-4C58-A6BD-C4FEE0038B5F}
		{5535CA05-96EA-4187-BB95-17EAE88D0F37} = {370A08B6-F385-47E0-88F2-DEC2F68087A2}
		{64C781EC-8A80-42AC-9FB5-AD840DBD64CE} = {370A08B6-F385-47E0-88F2-DEC2F68087A2}
		{34927E0E-31F9-4ED1-9CFD-17281F75ED6A} = {370A08B6-F385-47E0-88F2-DEC2F68087A2}
		{E77D54FD-3697-42BF-97D7-1740AD578B72} = {19D593AF-B360-419C-9CB3-901658856FB0}
		{B266B7D2-D854-4C6B-A29A-5DED45BB8A61} = {19D593AF-B360-419C-9CB3-901658856FB0}
		{AA288D4E-2B9A-4E75-B7F9-D114DCD2CA8F} = {19D593AF-B360-419C-9CB3-901658856FB0}
		{03021B9F-DFB4-4204-8E40-515293632FAA} = {02EA681E-C7D8-13C7-8484-4AC65E1B71E8}
		{6074F28A-7521-4993-8782-4977BC154465} = {02EA681E-C7D8-13C7-8484-4AC65E1B71E8}
		{BAE21645-05D8-4DB3-96BD-BAD51993F968} = {02EA681E-C7D8-13C7-8484-4AC65E1B71E8}
	EndGlobalSection
	GlobalSection(ExtensibilityGlobals) = postSolution
		SolutionGuid = {361B7620-7B61-4D6B-BBF9-9D18F4703E93}
	EndGlobalSection
EndGlobal
